
Microsoft Visual Studio Solution File, Format Version 12.00
# Visual Studio Version 17
VisualStudioVersion = 17.9.34723.18
MinimumVisualStudioVersion = 10.0.40219.1
Project("{FAE04EC0-301F-11D3-BF4B-00C04F79EFBC}") = "J-Tutors Web Platform", "J-Tutors Web Platform.csproj", "{4BD58835-7DDF-4C2C-BB74-2075E4BCB094}"
EndProject
Global
	GlobalSection(SolutionConfigurationPlatforms) = preSolution
		Debug|Any CPU = Debug|Any CPU
		Release|Any CPU = Release|Any CPU
	EndGlobalSection
	GlobalSection(ProjectConfigurationPlatforms) = postSolution
		{4BD58835-7DDF-4C2C-BB74-2075E4BCB094}.Debug|Any CPU.ActiveCfg = Debug|Any CPU
		{4BD58835-7DDF-4C2C-BB74-2075E4BCB094}.Debug|Any CPU.Build.0 = Debug|Any CPU
		{4BD58835-7DDF-4C2C-BB74-2075E4BCB094}.Release|Any CPU.ActiveCfg = Release|Any CPU
		{4BD58835-7DDF-4C2C-BB74-2075E4BCB094}.Release|Any CPU.Build.0 = Release|Any CPU
	EndGlobalSection
	GlobalSection(SolutionProperties) = preSolution
		HideSolutionNode = FALSE
	EndGlobalSection
	GlobalSection(ExtensibilityGlobals) = postSolution
		SolutionGuid = {FD718D42-AA63-49F0-8796-84FF65AAD308}
	EndGlobalSection
EndGlobal
